
Microsoft Visual Studio Solution File, Format Version 12.00
# Visual Studio 15
VisualStudioVersion = 15.0.28307.329
MinimumVisualStudioVersion = 10.0.40219.1
Project("{FAE04EC0-301F-11D3-BF4B-00C04F79EFBC}") = "SuperAdventer", "SuperAdventer\SuperAdventer.csproj", "{5EFABD83-CAB4-43A8-81BA-464DD0E17856}"
EndProject
Global
	GlobalSection(SolutionConfigurationPlatforms) = preSolution
		Debug|Any CPU = Debug|Any CPU
		Release|Any CPU = Release|Any CPU
	EndGlobalSection
	GlobalSection(ProjectConfigurationPlatforms) = postSolution
		{5EFABD83-CAB4-43A8-81BA-464DD0E17856}.Debug|Any CPU.ActiveCfg = Debug|Any CPU
		{5EFABD83-CAB4-43A8-81BA-464DD0E17856}.Debug|Any CPU.Build.0 = Debug|Any CPU
		{5EFABD83-CAB4-43A8-81BA-464DD0E17856}.Release|Any CPU.ActiveCfg = Release|Any CPU
		{5EFABD83-CAB4-43A8-81BA-464DD0E17856}.Release|Any CPU.Build.0 = Release|Any CPU
	EndGlobalSection
	GlobalSection(SolutionProperties) = preSolution
		HideSolutionNode = FALSE
	EndGlobalSection
	GlobalSection(ExtensibilityGlobals) = postSolution
		SolutionGuid = {0A5B33BE-B651-4C84-AD21-6D1F142DBE3A}
	EndGlobalSection
EndGlobal
